
Microsoft Visual Studio Solution File, Format Version 12.00
# Visual Studio 14
VisualStudioVersion = 14.0.23107.0
MinimumVisualStudioVersion = 10.0.40219.1
Project("{FAE04EC0-301F-11D3-BF4B-00C04F79EFBC}") = "AlphanumericOz.Core", "AlphanumericOz.Core\AlphanumericOz.Core.csproj", "{09CFD69B-71A8-4ABF-89E7-FE67AA69F469}"
EndProject
Project("{FAE04EC0-301F-11D3-BF4B-00C04F79EFBC}") = "AlphanumericOz.iOS", "AlphanumericOz.iOS\AlphanumericOz.iOS.csproj", "{0DCAA134-A3B8-458F-81BE-BF445ED17AC9}"
EndProject
Project("{FAE04EC0-301F-11D3-BF4B-00C04F79EFBC}") = "AlphanumericOz.Droid", "AlphanumericOz.Droid\AlphanumericOz.Droid.csproj", "{3148C83A-E12E-44D8-A2E6-28E0CD4E6236}"
EndProject
Project("{FAE04EC0-301F-11D3-BF4B-00C04F79EFBC}") = "AlphanumericOz.WP8", "AlphanumericOz.WP8\AlphanumericOz.WP8.csproj", "{2FD7163C-E828-4414-98C0-A566CE46D317}"
EndProject
Project("{FAE04EC0-301F-11D3-BF4B-00C04F79EFBC}") = "AlphanumericOz.Win81", "AlphanumericOz.Win81\AlphanumericOz.Win81.csproj", "{66352539-CBD1-4A27-8BD0-F6BB98D63F39}"
EndProject
Project("{FAE04EC0-301F-11D3-BF4B-00C04F79EFBC}") = "AlphanumericOz.UnitTests", "AlphanumericOz.UnitTests\AlphanumericOz.UnitTests.csproj", "{74FB6E68-B786-45AE-8BA2-6200139B08C7}"
EndProject
Project("{2150E333-8FDC-42A3-9474-1A3956D46DE8}") = "Tests", "Tests", "{F6C0E4F6-EC6F-4DA3-9425-9CD2A7ECBDD9}"
EndProject
Project("{2150E333-8FDC-42A3-9474-1A3956D46DE8}") = "Platforms", "Platforms", "{C8982E9B-358A-403D-BC97-9550067854D2}"
EndProject
Global
	GlobalSection(SolutionConfigurationPlatforms) = preSolution
		Ad-Hoc|Any CPU = Ad-Hoc|Any CPU
		Ad-Hoc|ARM = Ad-Hoc|ARM
		Ad-Hoc|iPhone = Ad-Hoc|iPhone
		Ad-Hoc|iPhoneSimulator = Ad-Hoc|iPhoneSimulator
		Ad-Hoc|x64 = Ad-Hoc|x64
		Ad-Hoc|x86 = Ad-Hoc|x86
		AppStore|Any CPU = AppStore|Any CPU
		AppStore|ARM = AppStore|ARM
		AppStore|iPhone = AppStore|iPhone
		AppStore|iPhoneSimulator = AppStore|iPhoneSimulator
		AppStore|x64 = AppStore|x64
		AppStore|x86 = AppStore|x86
		Debug|Any CPU = Debug|Any CPU
		Debug|ARM = Debug|ARM
		Debug|iPhone = Debug|iPhone
		Debug|iPhoneSimulator = Debug|iPhoneSimulator
		Debug|x64 = Debug|x64
		Debug|x86 = Debug|x86
		Release|Any CPU = Release|Any CPU
		Release|ARM = Release|ARM
		Release|iPhone = Release|iPhone
		Release|iPhoneSimulator = Release|iPhoneSimulator
		Release|x64 = Release|x64
		Release|x86 = Release|x86
	EndGlobalSection
	GlobalSection(ProjectConfigurationPlatforms) = postSolution
		{09CFD69B-71A8-4ABF-89E7-FE67AA69F469}.Ad-Hoc|Any CPU.ActiveCfg = Release|Any CPU
		{09CFD69B-71A8-4ABF-89E7-FE67AA69F469}.Ad-Hoc|Any CPU.Build.0 = Release|Any CPU
		{09CFD69B-71A8-4ABF-89E7-FE67AA69F469}.Ad-Hoc|ARM.ActiveCfg = Release|Any CPU
		{09CFD69B-71A8-4ABF-89E7-FE67AA69F469}.Ad-Hoc|ARM.Build.0 = Release|Any CPU
		{09CFD69B-71A8-4ABF-89E7-FE67AA69F469}.Ad-Hoc|iPhone.ActiveCfg = Release|Any CPU
		{09CFD69B-71A8-4ABF-89E7-FE67AA69F469}.Ad-Hoc|iPhone.Build.0 = Release|Any CPU
		{09CFD69B-71A8-4ABF-89E7-FE67AA69F469}.Ad-Hoc|iPhoneSimulator.ActiveCfg = Release|Any CPU
		{09CFD69B-71A8-4ABF-89E7-FE67AA69F469}.Ad-Hoc|iPhoneSimulator.Build.0 = Release|Any CPU
		{09CFD69B-71A8-4ABF-89E7-FE67AA69F469}.Ad-Hoc|x64.ActiveCfg = Release|Any CPU
		{09CFD69B-71A8-4ABF-89E7-FE67AA69F469}.Ad-Hoc|x64.Build.0 = Release|Any CPU
		{09CFD69B-71A8-4ABF-89E7-FE67AA69F469}.Ad-Hoc|x86.ActiveCfg = Release|Any CPU
		{09CFD69B-71A8-4ABF-89E7-FE67AA69F469}.Ad-Hoc|x86.Build.0 = Release|Any CPU
		{09CFD69B-71A8-4ABF-89E7-FE67AA69F469}.AppStore|Any CPU.ActiveCfg = Release|Any CPU
		{09CFD69B-71A8-4ABF-89E7-FE67AA69F469}.AppStore|Any CPU.Build.0 = Release|Any CPU
		{09CFD69B-71A8-4ABF-89E7-FE67AA69F469}.AppStore|ARM.ActiveCfg = Release|Any CPU
		{09CFD69B-71A8-4ABF-89E7-FE67AA69F469}.AppStore|ARM.Build.0 = Release|Any CPU
		{09CFD69B-71A8-4ABF-89E7-FE67AA69F469}.AppStore|iPhone.ActiveCfg = Release|Any CPU
		{09CFD69B-71A8-4ABF-89E7-FE67AA69F469}.AppStore|iPhone.Build.0 = Release|Any CPU
		{09CFD69B-71A8-4ABF-89E7-FE67AA69F469}.AppStore|iPhoneSimulator.ActiveCfg = Release|Any CPU
		{09CFD69B-71A8-4ABF-89E7-FE67AA69F469}.AppStore|iPhoneSimulator.Build.0 = Release|Any CPU
		{09CFD69B-71A8-4ABF-89E7-FE67AA69F469}.AppStore|x64.ActiveCfg = Release|Any CPU
		{09CFD69B-71A8-4ABF-89E7-FE67AA69F469}.AppStore|x64.Build.0 = Release|Any CPU
		{09CFD69B-71A8-4ABF-89E7-FE67AA69F469}.AppStore|x86.ActiveCfg = Release|Any CPU
		{09CFD69B-71A8-4ABF-89E7-FE67AA69F469}.AppStore|x86.Build.0 = Release|Any CPU
		{09CFD69B-71A8-4ABF-89E7-FE67AA69F469}.Debug|Any CPU.ActiveCfg = Debug|Any CPU
		{09CFD69B-71A8-4ABF-89E7-FE67AA69F469}.Debug|Any CPU.Build.0 = Debug|Any CPU
		{09CFD69B-71A8-4ABF-89E7-FE67AA69F469}.Debug|ARM.ActiveCfg = Debug|Any CPU
		{09CFD69B-71A8-4ABF-89E7-FE67AA69F469}.Debug|ARM.Build.0 = Debug|Any CPU
		{09CFD69B-71A8-4ABF-89E7-FE67AA69F469}.Debug|iPhone.ActiveCfg = Debug|Any CPU
		{09CFD69B-71A8-4ABF-89E7-FE67AA69F469}.Debug|iPhone.Build.0 = Debug|Any CPU
		{09CFD69B-71A8-4ABF-89E7-FE67AA69F469}.Debug|iPhoneSimulator.ActiveCfg = Debug|Any CPU
		{09CFD69B-71A8-4ABF-89E7-FE67AA69F469}.Debug|iPhoneSimulator.Build.0 = Debug|Any CPU
		{09CFD69B-71A8-4ABF-89E7-FE67AA69F469}.Debug|x64.ActiveCfg = Debug|Any CPU
		{09CFD69B-71A8-4ABF-89E7-FE67AA69F469}.Debug|x64.Build.0 = Debug|Any CPU
		{09CFD69B-71A8-4ABF-89E7-FE67AA69F469}.Debug|x86.ActiveCfg = Debug|Any CPU
		{09CFD69B-71A8-4ABF-89E7-FE67AA69F469}.Debug|x86.Build.0 = Debug|Any CPU
		{09CFD69B-71A8-4ABF-89E7-FE67AA69F469}.Release|Any CPU.ActiveCfg = Release|Any CPU
		{09CFD69B-71A8-4ABF-89E7-FE67AA69F469}.Release|Any CPU.Build.0 = Release|Any CPU
		{09CFD69B-71A8-4ABF-89E7-FE67AA69F469}.Release|ARM.ActiveCfg = Release|Any CPU
		{09CFD69B-71A8-4ABF-89E7-FE67AA69F469}.Release|ARM.Build.0 = Release|Any CPU
		{09CFD69B-71A8-4ABF-89E7-FE67AA69F469}.Release|iPhone.ActiveCfg = Release|Any CPU
		{09CFD69B-71A8-4ABF-89E7-FE67AA69F469}.Release|iPhone.Build.0 = Release|Any CPU
		{09CFD69B-71A8-4ABF-89E7-FE67AA69F469}.Release|iPhoneSimulator.ActiveCfg = Release|Any CPU
		{09CFD69B-71A8-4ABF-89E7-FE67AA69F469}.Release|iPhoneSimulator.Build.0 = Release|Any CPU
		{09CFD69B-71A8-4ABF-89E7-FE67AA69F469}.Release|x64.ActiveCfg = Release|Any CPU
		{09CFD69B-71A8-4ABF-89E7-FE67AA69F469}.Release|x64.Build.0 = Release|Any CPU
		{09CFD69B-71A8-4ABF-89E7-FE67AA69F469}.Release|x86.ActiveCfg = Release|Any CPU
		{09CFD69B-71A8-4ABF-89E7-FE67AA69F469}.Release|x86.Build.0 = Release|Any CPU
		{0DCAA134-A3B8-458F-81BE-BF445ED17AC9}.Ad-Hoc|Any CPU.ActiveCfg = Ad-Hoc|iPhone
		{0DCAA134-A3B8-458F-81BE-BF445ED17AC9}.Ad-Hoc|ARM.ActiveCfg = Ad-Hoc|iPhone
		{0DCAA134-A3B8-458F-81BE-BF445ED17AC9}.Ad-Hoc|iPhone.ActiveCfg = Ad-Hoc|iPhone
		{0DCAA134-A3B8-458F-81BE-BF445ED17AC9}.Ad-Hoc|iPhone.Build.0 = Ad-Hoc|iPhone
		{0DCAA134-A3B8-458F-81BE-BF445ED17AC9}.Ad-Hoc|iPhoneSimulator.ActiveCfg = Ad-Hoc|iPhoneSimulator
		{0DCAA134-A3B8-458F-81BE-BF445ED17AC9}.Ad-Hoc|iPhoneSimulator.Build.0 = Ad-Hoc|iPhoneSimulator
		{0DCAA134-A3B8-458F-81BE-BF445ED17AC9}.Ad-Hoc|x64.ActiveCfg = Ad-Hoc|iPhone
		{0DCAA134-A3B8-458F-81BE-BF445ED17AC9}.Ad-Hoc|x86.ActiveCfg = Ad-Hoc|iPhone
		{0DCAA134-A3B8-458F-81BE-BF445ED17AC9}.AppStore|Any CPU.ActiveCfg = AppStore|iPhone
		{0DCAA134-A3B8-458F-81BE-BF445ED17AC9}.AppStore|ARM.ActiveCfg = AppStore|iPhone
		{0DCAA134-A3B8-458F-81BE-BF445ED17AC9}.AppStore|iPhone.ActiveCfg = AppStore|iPhone
		{0DCAA134-A3B8-458F-81BE-BF445ED17AC9}.AppStore|iPhone.Build.0 = AppStore|iPhone
		{0DCAA134-A3B8-458F-81BE-BF445ED17AC9}.AppStore|iPhoneSimulator.ActiveCfg = AppStore|iPhoneSimulator
		{0DCAA134-A3B8-458F-81BE-BF445ED17AC9}.AppStore|iPhoneSimulator.Build.0 = AppStore|iPhoneSimulator
		{0DCAA134-A3B8-458F-81BE-BF445ED17AC9}.AppStore|x64.ActiveCfg = AppStore|iPhone
		{0DCAA134-A3B8-458F-81BE-BF445ED17AC9}.AppStore|x86.ActiveCfg = AppStore|iPhone
		{0DCAA134-A3B8-458F-81BE-BF445ED17AC9}.Debug|Any CPU.ActiveCfg = Debug|iPhone
		{0DCAA134-A3B8-458F-81BE-BF445ED17AC9}.Debug|ARM.ActiveCfg = Debug|iPhone
		{0DCAA134-A3B8-458F-81BE-BF445ED17AC9}.Debug|iPhone.ActiveCfg = Debug|iPhone
		{0DCAA134-A3B8-458F-81BE-BF445ED17AC9}.Debug|iPhone.Build.0 = Debug|iPhone
		{0DCAA134-A3B8-458F-81BE-BF445ED17AC9}.Debug|iPhoneSimulator.ActiveCfg = Debug|iPhoneSimulator
		{0DCAA134-A3B8-458F-81BE-BF445ED17AC9}.Debug|iPhoneSimulator.Build.0 = Debug|iPhoneSimulator
		{0DCAA134-A3B8-458F-81BE-BF445ED17AC9}.Debug|x64.ActiveCfg = Debug|iPhone
		{0DCAA134-A3B8-458F-81BE-BF445ED17AC9}.Debug|x86.ActiveCfg = Debug|iPhone
		{0DCAA134-A3B8-458F-81BE-BF445ED17AC9}.Release|Any CPU.ActiveCfg = Release|iPhone
		{0DCAA134-A3B8-458F-81BE-BF445ED17AC9}.Release|ARM.ActiveCfg = Release|iPhone
		{0DCAA134-A3B8-458F-81BE-BF445ED17AC9}.Release|iPhone.ActiveCfg = Release|iPhone
		{0DCAA134-A3B8-458F-81BE-BF445ED17AC9}.Release|iPhone.Build.0 = Release|iPhone
		{0DCAA134-A3B8-458F-81BE-BF445ED17AC9}.Release|iPhoneSimulator.ActiveCfg = Release|iPhoneSimulator
		{0DCAA134-A3B8-458F-81BE-BF445ED17AC9}.Release|iPhoneSimulator.Build.0 = Release|iPhoneSimulator
		{0DCAA134-A3B8-458F-81BE-BF445ED17AC9}.Release|x64.ActiveCfg = Release|iPhone
		{0DCAA134-A3B8-458F-81BE-BF445ED17AC9}.Release|x86.ActiveCfg = Release|iPhone
		{3148C83A-E12E-44D8-A2E6-28E0CD4E6236}.Ad-Hoc|Any CPU.ActiveCfg = Release|Any CPU
		{3148C83A-E12E-44D8-A2E6-28E0CD4E6236}.Ad-Hoc|Any CPU.Build.0 = Release|Any CPU
		{3148C83A-E12E-44D8-A2E6-28E0CD4E6236}.Ad-Hoc|Any CPU.Deploy.0 = Release|Any CPU
		{3148C83A-E12E-44D8-A2E6-28E0CD4E6236}.Ad-Hoc|ARM.ActiveCfg = Release|Any CPU
		{3148C83A-E12E-44D8-A2E6-28E0CD4E6236}.Ad-Hoc|ARM.Build.0 = Release|Any CPU
		{3148C83A-E12E-44D8-A2E6-28E0CD4E6236}.Ad-Hoc|ARM.Deploy.0 = Release|Any CPU
		{3148C83A-E12E-44D8-A2E6-28E0CD4E6236}.Ad-Hoc|iPhone.ActiveCfg = Release|Any CPU
		{3148C83A-E12E-44D8-A2E6-28E0CD4E6236}.Ad-Hoc|iPhone.Build.0 = Release|Any CPU
		{3148C83A-E12E-44D8-A2E6-28E0CD4E6236}.Ad-Hoc|iPhone.Deploy.0 = Release|Any CPU
		{3148C83A-E12E-44D8-A2E6-28E0CD4E6236}.Ad-Hoc|iPhoneSimulator.ActiveCfg = Release|Any CPU
		{3148C83A-E12E-44D8-A2E6-28E0CD4E6236}.Ad-Hoc|iPhoneSimulator.Build.0 = Release|Any CPU
		{3148C83A-E12E-44D8-A2E6-28E0CD4E6236}.Ad-Hoc|iPhoneSimulator.Deploy.0 = Release|Any CPU
		{3148C83A-E12E-44D8-A2E6-28E0CD4E6236}.Ad-Hoc|x64.ActiveCfg = Release|Any CPU
		{3148C83A-E12E-44D8-A2E6-28E0CD4E6236}.Ad-Hoc|x64.Build.0 = Release|Any CPU
		{3148C83A-E12E-44D8-A2E6-28E0CD4E6236}.Ad-Hoc|x64.Deploy.0 = Release|Any CPU
		{3148C83A-E12E-44D8-A2E6-28E0CD4E6236}.Ad-Hoc|x86.ActiveCfg = Release|Any CPU
		{3148C83A-E12E-44D8-A2E6-28E0CD4E6236}.Ad-Hoc|x86.Build.0 = Release|Any CPU
		{3148C83A-E12E-44D8-A2E6-28E0CD4E6236}.Ad-Hoc|x86.Deploy.0 = Release|Any CPU
		{3148C83A-E12E-44D8-A2E6-28E0CD4E6236}.AppStore|Any CPU.ActiveCfg = Release|Any CPU
		{3148C83A-E12E-44D8-A2E6-28E0CD4E6236}.AppStore|Any CPU.Build.0 = Release|Any CPU
		{3148C83A-E12E-44D8-A2E6-28E0CD4E6236}.AppStore|Any CPU.Deploy.0 = Release|Any CPU
		{3148C83A-E12E-44D8-A2E6-28E0CD4E6236}.AppStore|ARM.ActiveCfg = Release|Any CPU
		{3148C83A-E12E-44D8-A2E6-28E0CD4E6236}.AppStore|ARM.Build.0 = Release|Any CPU
		{3148C83A-E12E-44D8-A2E6-28E0CD4E6236}.AppStore|ARM.Deploy.0 = Release|Any CPU
		{3148C83A-E12E-44D8-A2E6-28E0CD4E6236}.AppStore|iPhone.ActiveCfg = Release|Any CPU
		{3148C83A-E12E-44D8-A2E6-28E0CD4E6236}.AppStore|iPhone.Build.0 = Release|Any CPU
		{3148C83A-E12E-44D8-A2E6-28E0CD4E6236}.AppStore|iPhone.Deploy.0 = Release|Any CPU
		{3148C83A-E12E-44D8-A2E6-28E0CD4E6236}.AppStore|iPhoneSimulator.ActiveCfg = Release|Any CPU
		{3148C83A-E12E-44D8-A2E6-28E0CD4E6236}.AppStore|iPhoneSimulator.Build.0 = Release|Any CPU
		{3148C83A-E12E-44D8-A2E6-28E0CD4E6236}.AppStore|iPhoneSimulator.Deploy.0 = Release|Any CPU
		{3148C83A-E12E-44D8-A2E6-28E0CD4E6236}.AppStore|x64.ActiveCfg = Release|Any CPU
		{3148C83A-E12E-44D8-A2E6-28E0CD4E6236}.AppStore|x64.Build.0 = Release|Any CPU
		{3148C83A-E12E-44D8-A2E6-28E0CD4E6236}.AppStore|x64.Deploy.0 = Release|Any CPU
		{3148C83A-E12E-44D8-A2E6-28E0CD4E6236}.AppStore|x86.ActiveCfg = Release|Any CPU
		{3148C83A-E12E-44D8-A2E6-28E0CD4E6236}.AppStore|x86.Build.0 = Release|Any CPU
		{3148C83A-E12E-44D8-A2E6-28E0CD4E6236}.AppStore|x86.Deploy.0 = Release|Any CPU
		{3148C83A-E12E-44D8-A2E6-28E0CD4E6236}.Debug|Any CPU.ActiveCfg = Debug|Any CPU
		{3148C83A-E12E-44D8-A2E6-28E0CD4E6236}.Debug|Any CPU.Build.0 = Debug|Any CPU
		{3148C83A-E12E-44D8-A2E6-28E0CD4E6236}.Debug|Any CPU.Deploy.0 = Debug|Any CPU
		{3148C83A-E12E-44D8-A2E6-28E0CD4E6236}.Debug|ARM.ActiveCfg = Debug|Any CPU
		{3148C83A-E12E-44D8-A2E6-28E0CD4E6236}.Debug|ARM.Build.0 = Debug|Any CPU
		{3148C83A-E12E-44D8-A2E6-28E0CD4E6236}.Debug|ARM.Deploy.0 = Debug|Any CPU
		{3148C83A-E12E-44D8-A2E6-28E0CD4E6236}.Debug|iPhone.ActiveCfg = Debug|Any CPU
		{3148C83A-E12E-44D8-A2E6-28E0CD4E6236}.Debug|iPhone.Build.0 = Debug|Any CPU
		{3148C83A-E12E-44D8-A2E6-28E0CD4E6236}.Debug|iPhone.Deploy.0 = Debug|Any CPU
		{3148C83A-E12E-44D8-A2E6-28E0CD4E6236}.Debug|iPhoneSimulator.ActiveCfg = Debug|Any CPU
		{3148C83A-E12E-44D8-A2E6-28E0CD4E6236}.Debug|iPhoneSimulator.Build.0 = Debug|Any CPU
		{3148C83A-E12E-44D8-A2E6-28E0CD4E6236}.Debug|iPhoneSimulator.Deploy.0 = Debug|Any CPU
		{3148C83A-E12E-44D8-A2E6-28E0CD4E6236}.Debug|x64.ActiveCfg = Debug|Any CPU
		{3148C83A-E12E-44D8-A2E6-28E0CD4E6236}.Debug|x64.Build.0 = Debug|Any CPU
		{3148C83A-E12E-44D8-A2E6-28E0CD4E6236}.Debug|x64.Deploy.0 = Debug|Any CPU
		{3148C83A-E12E-44D8-A2E6-28E0CD4E6236}.Debug|x86.ActiveCfg = Debug|Any CPU
		{3148C83A-E12E-44D8-A2E6-28E0CD4E6236}.Debug|x86.Build.0 = Debug|Any CPU
		{3148C83A-E12E-44D8-A2E6-28E0CD4E6236}.Debug|x86.Deploy.0 = Debug|Any CPU
		{3148C83A-E12E-44D8-A2E6-28E0CD4E6236}.Release|Any CPU.ActiveCfg = Release|Any CPU
		{3148C83A-E12E-44D8-A2E6-28E0CD4E6236}.Release|Any CPU.Build.0 = Release|Any CPU
		{3148C83A-E12E-44D8-A2E6-28E0CD4E6236}.Release|Any CPU.Deploy.0 = Release|Any CPU
		{3148C83A-E12E-44D8-A2E6-28E0CD4E6236}.Release|ARM.ActiveCfg = Release|Any CPU
		{3148C83A-E12E-44D8-A2E6-28E0CD4E6236}.Release|ARM.Build.0 = Release|Any CPU
		{3148C83A-E12E-44D8-A2E6-28E0CD4E6236}.Release|ARM.Deploy.0 = Release|Any CPU
		{3148C83A-E12E-44D8-A2E6-28E0CD4E6236}.Release|iPhone.ActiveCfg = Release|Any CPU
		{3148C83A-E12E-44D8-A2E6-28E0CD4E6236}.Release|iPhone.Build.0 = Release|Any CPU
		{3148C83A-E12E-44D8-A2E6-28E0CD4E6236}.Release|iPhone.Deploy.0 = Release|Any CPU
		{3148C83A-E12E-44D8-A2E6-28E0CD4E6236}.Release|iPhoneSimulator.ActiveCfg = Release|Any CPU
		{3148C83A-E12E-44D8-A2E6-28E0CD4E6236}.Release|iPhoneSimulator.Build.0 = Release|Any CPU
		{3148C83A-E12E-44D8-A2E6-28E0CD4E6236}.Release|iPhoneSimulator.Deploy.0 = Release|Any CPU
		{3148C83A-E12E-44D8-A2E6-28E0CD4E6236}.Release|x64.ActiveCfg = Release|Any CPU
		{3148C83A-E12E-44D8-A2E6-28E0CD4E6236}.Release|x64.Build.0 = Release|Any CPU
		{3148C83A-E12E-44D8-A2E6-28E0CD4E6236}.Release|x64.Deploy.0 = Release|Any CPU
		{3148C83A-E12E-44D8-A2E6-28E0CD4E6236}.Release|x86.ActiveCfg = Release|Any CPU
		{3148C83A-E12E-44D8-A2E6-28E0CD4E6236}.Release|x86.Build.0 = Release|Any CPU
		{3148C83A-E12E-44D8-A2E6-28E0CD4E6236}.Release|x86.Deploy.0 = Release|Any CPU
		{2FD7163C-E828-4414-98C0-A566CE46D317}.Ad-Hoc|Any CPU.ActiveCfg = Release|Any CPU
		{2FD7163C-E828-4414-98C0-A566CE46D317}.Ad-Hoc|Any CPU.Build.0 = Release|Any CPU
		{2FD7163C-E828-4414-98C0-A566CE46D317}.Ad-Hoc|Any CPU.Deploy.0 = Release|Any CPU
		{2FD7163C-E828-4414-98C0-A566CE46D317}.Ad-Hoc|ARM.ActiveCfg = Release|ARM
		{2FD7163C-E828-4414-98C0-A566CE46D317}.Ad-Hoc|ARM.Build.0 = Release|ARM
		{2FD7163C-E828-4414-98C0-A566CE46D317}.Ad-Hoc|ARM.Deploy.0 = Release|ARM
		{2FD7163C-E828-4414-98C0-A566CE46D317}.Ad-Hoc|iPhone.ActiveCfg = Release|Any CPU
		{2FD7163C-E828-4414-98C0-A566CE46D317}.Ad-Hoc|iPhone.Build.0 = Release|Any CPU
		{2FD7163C-E828-4414-98C0-A566CE46D317}.Ad-Hoc|iPhone.Deploy.0 = Release|Any CPU
		{2FD7163C-E828-4414-98C0-A566CE46D317}.Ad-Hoc|iPhoneSimulator.ActiveCfg = Release|Any CPU
		{2FD7163C-E828-4414-98C0-A566CE46D317}.Ad-Hoc|iPhoneSimulator.Build.0 = Release|Any CPU
		{2FD7163C-E828-4414-98C0-A566CE46D317}.Ad-Hoc|iPhoneSimulator.Deploy.0 = Release|Any CPU
		{2FD7163C-E828-4414-98C0-A566CE46D317}.Ad-Hoc|x64.ActiveCfg = Release|Any CPU
		{2FD7163C-E828-4414-98C0-A566CE46D317}.Ad-Hoc|x64.Build.0 = Release|Any CPU
		{2FD7163C-E828-4414-98C0-A566CE46D317}.Ad-Hoc|x64.Deploy.0 = Release|Any CPU
		{2FD7163C-E828-4414-98C0-A566CE46D317}.Ad-Hoc|x86.ActiveCfg = Release|x86
		{2FD7163C-E828-4414-98C0-A566CE46D317}.Ad-Hoc|x86.Build.0 = Release|x86
		{2FD7163C-E828-4414-98C0-A566CE46D317}.Ad-Hoc|x86.Deploy.0 = Release|x86
		{2FD7163C-E828-4414-98C0-A566CE46D317}.AppStore|Any CPU.ActiveCfg = Release|Any CPU
		{2FD7163C-E828-4414-98C0-A566CE46D317}.AppStore|Any CPU.Build.0 = Release|Any CPU
		{2FD7163C-E828-4414-98C0-A566CE46D317}.AppStore|Any CPU.Deploy.0 = Release|Any CPU
		{2FD7163C-E828-4414-98C0-A566CE46D317}.AppStore|ARM.ActiveCfg = Release|ARM
		{2FD7163C-E828-4414-98C0-A566CE46D317}.AppStore|ARM.Build.0 = Release|ARM
		{2FD7163C-E828-4414-98C0-A566CE46D317}.AppStore|ARM.Deploy.0 = Release|ARM
		{2FD7163C-E828-4414-98C0-A566CE46D317}.AppStore|iPhone.ActiveCfg = Release|Any CPU
		{2FD7163C-E828-4414-98C0-A566CE46D317}.AppStore|iPhone.Build.0 = Release|Any CPU
		{2FD7163C-E828-4414-98C0-A566CE46D317}.AppStore|iPhone.Deploy.0 = Release|Any CPU
		{2FD7163C-E828-4414-98C0-A566CE46D317}.AppStore|iPhoneSimulator.ActiveCfg = Release|Any CPU
		{2FD7163C-E828-4414-98C0-A566CE46D317}.AppStore|iPhoneSimulator.Build.0 = Release|Any CPU
		{2FD7163C-E828-4414-98C0-A566CE46D317}.AppStore|iPhoneSimulator.Deploy.0 = Release|Any CPU
		{2FD7163C-E828-4414-98C0-A566CE46D317}.AppStore|x64.ActiveCfg = Release|Any CPU
		{2FD7163C-E828-4414-98C0-A566CE46D317}.AppStore|x64.Build.0 = Release|Any CPU
		{2FD7163C-E828-4414-98C0-A566CE46D317}.AppStore|x64.Deploy.0 = Release|Any CPU
		{2FD7163C-E828-4414-98C0-A566CE46D317}.AppStore|x86.ActiveCfg = Release|x86
		{2FD7163C-E828-4414-98C0-A566CE46D317}.AppStore|x86.Build.0 = Release|x86
		{2FD7163C-E828-4414-98C0-A566CE46D317}.AppStore|x86.Deploy.0 = Release|x86
		{2FD7163C-E828-4414-98C0-A566CE46D317}.Debug|Any CPU.ActiveCfg = Debug|Any CPU
		{2FD7163C-E828-4414-98C0-A566CE46D317}.Debug|Any CPU.Build.0 = Debug|Any CPU
		{2FD7163C-E828-4414-98C0-A566CE46D317}.Debug|Any CPU.Deploy.0 = Debug|Any CPU
		{2FD7163C-E828-4414-98C0-A566CE46D317}.Debug|ARM.ActiveCfg = Debug|ARM
		{2FD7163C-E828-4414-98C0-A566CE46D317}.Debug|ARM.Build.0 = Debug|ARM
		{2FD7163C-E828-4414-98C0-A566CE46D317}.Debug|ARM.Deploy.0 = Debug|ARM
		{2FD7163C-E828-4414-98C0-A566CE46D317}.Debug|iPhone.ActiveCfg = Debug|Any CPU
		{2FD7163C-E828-4414-98C0-A566CE46D317}.Debug|iPhone.Build.0 = Debug|Any CPU
		{2FD7163C-E828-4414-98C0-A566CE46D317}.Debug|iPhone.Deploy.0 = Debug|Any CPU
		{2FD7163C-E828-4414-98C0-A566CE46D317}.Debug|iPhoneSimulator.ActiveCfg = Debug|Any CPU
		{2FD7163C-E828-4414-98C0-A566CE46D317}.Debug|iPhoneSimulator.Build.0 = Debug|Any CPU
		{2FD7163C-E828-4414-98C0-A566CE46D317}.Debug|iPhoneSimulator.Deploy.0 = Debug|Any CPU
		{2FD7163C-E828-4414-98C0-A566CE46D317}.Debug|x64.ActiveCfg = Debug|Any CPU
		{2FD7163C-E828-4414-98C0-A566CE46D317}.Debug|x64.Build.0 = Debug|Any CPU
		{2FD7163C-E828-4414-98C0-A566CE46D317}.Debug|x64.Deploy.0 = Debug|Any CPU
		{2FD7163C-E828-4414-98C0-A566CE46D317}.Debug|x86.ActiveCfg = Debug|x86
		{2FD7163C-E828-4414-98C0-A566CE46D317}.Debug|x86.Build.0 = Debug|x86
		{2FD7163C-E828-4414-98C0-A566CE46D317}.Debug|x86.Deploy.0 = Debug|x86
		{2FD7163C-E828-4414-98C0-A566CE46D317}.Release|Any CPU.ActiveCfg = Release|Any CPU
		{2FD7163C-E828-4414-98C0-A566CE46D317}.Release|Any CPU.Build.0 = Release|Any CPU
		{2FD7163C-E828-4414-98C0-A566CE46D317}.Release|Any CPU.Deploy.0 = Release|Any CPU
		{2FD7163C-E828-4414-98C0-A566CE46D317}.Release|ARM.ActiveCfg = Release|ARM
		{2FD7163C-E828-4414-98C0-A566CE46D317}.Release|ARM.Build.0 = Release|ARM
		{2FD7163C-E828-4414-98C0-A566CE46D317}.Release|ARM.Deploy.0 = Release|ARM
		{2FD7163C-E828-4414-98C0-A566CE46D317}.Release|iPhone.ActiveCfg = Release|Any CPU
		{2FD7163C-E828-4414-98C0-A566CE46D317}.Release|iPhone.Build.0 = Release|Any CPU
		{2FD7163C-E828-4414-98C0-A566CE46D317}.Release|iPhone.Deploy.0 = Release|Any CPU
		{2FD7163C-E828-4414-98C0-A566CE46D317}.Release|iPhoneSimulator.ActiveCfg = Release|Any CPU
		{2FD7163C-E828-4414-98C0-A566CE46D317}.Release|iPhoneSimulator.Build.0 = Release|Any CPU
		{2FD7163C-E828-4414-98C0-A566CE46D317}.Release|iPhoneSimulator.Deploy.0 = Release|Any CPU
		{2FD7163C-E828-4414-98C0-A566CE46D317}.Release|x64.ActiveCfg = Release|Any CPU
		{2FD7163C-E828-4414-98C0-A566CE46D317}.Release|x64.Build.0 = Release|Any CPU
		{2FD7163C-E828-4414-98C0-A566CE46D317}.Release|x64.Deploy.0 = Release|Any CPU
		{2FD7163C-E828-4414-98C0-A566CE46D317}.Release|x86.ActiveCfg = Release|x86
		{2FD7163C-E828-4414-98C0-A566CE46D317}.Release|x86.Build.0 = Release|x86
		{2FD7163C-E828-4414-98C0-A566CE46D317}.Release|x86.Deploy.0 = Release|x86
		{66352539-CBD1-4A27-8BD0-F6BB98D63F39}.Ad-Hoc|Any CPU.ActiveCfg = Release|Any CPU
		{66352539-CBD1-4A27-8BD0-F6BB98D63F39}.Ad-Hoc|Any CPU.Build.0 = Release|Any CPU
		{66352539-CBD1-4A27-8BD0-F6BB98D63F39}.Ad-Hoc|Any CPU.Deploy.0 = Release|Any CPU
		{66352539-CBD1-4A27-8BD0-F6BB98D63F39}.Ad-Hoc|ARM.ActiveCfg = Release|ARM
		{66352539-CBD1-4A27-8BD0-F6BB98D63F39}.Ad-Hoc|ARM.Build.0 = Release|ARM
		{66352539-CBD1-4A27-8BD0-F6BB98D63F39}.Ad-Hoc|ARM.Deploy.0 = Release|ARM
		{66352539-CBD1-4A27-8BD0-F6BB98D63F39}.Ad-Hoc|iPhone.ActiveCfg = Release|Any CPU
		{66352539-CBD1-4A27-8BD0-F6BB98D63F39}.Ad-Hoc|iPhone.Build.0 = Release|Any CPU
		{66352539-CBD1-4A27-8BD0-F6BB98D63F39}.Ad-Hoc|iPhone.Deploy.0 = Release|Any CPU
		{66352539-CBD1-4A27-8BD0-F6BB98D63F39}.Ad-Hoc|iPhoneSimulator.ActiveCfg = Release|Any CPU
		{66352539-CBD1-4A27-8BD0-F6BB98D63F39}.Ad-Hoc|iPhoneSimulator.Build.0 = Release|Any CPU
		{66352539-CBD1-4A27-8BD0-F6BB98D63F39}.Ad-Hoc|iPhoneSimulator.Deploy.0 = Release|Any CPU
		{66352539-CBD1-4A27-8BD0-F6BB98D63F39}.Ad-Hoc|x64.ActiveCfg = Release|x64
		{66352539-CBD1-4A27-8BD0-F6BB98D63F39}.Ad-Hoc|x64.Build.0 = Release|x64
		{66352539-CBD1-4A27-8BD0-F6BB98D63F39}.Ad-Hoc|x64.Deploy.0 = Release|x64
		{66352539-CBD1-4A27-8BD0-F6BB98D63F39}.Ad-Hoc|x86.ActiveCfg = Release|x86
		{66352539-CBD1-4A27-8BD0-F6BB98D63F39}.Ad-Hoc|x86.Build.0 = Release|x86
		{66352539-CBD1-4A27-8BD0-F6BB98D63F39}.Ad-Hoc|x86.Deploy.0 = Release|x86
		{66352539-CBD1-4A27-8BD0-F6BB98D63F39}.AppStore|Any CPU.ActiveCfg = Release|Any CPU
		{66352539-CBD1-4A27-8BD0-F6BB98D63F39}.AppStore|Any CPU.Build.0 = Release|Any CPU
		{66352539-CBD1-4A27-8BD0-F6BB98D63F39}.AppStore|Any CPU.Deploy.0 = Release|Any CPU
		{66352539-CBD1-4A27-8BD0-F6BB98D63F39}.AppStore|ARM.ActiveCfg = Release|ARM
		{66352539-CBD1-4A27-8BD0-F6BB98D63F39}.AppStore|ARM.Build.0 = Release|ARM
		{66352539-CBD1-4A27-8BD0-F6BB98D63F39}.AppStore|ARM.Deploy.0 = Release|ARM
		{66352539-CBD1-4A27-8BD0-F6BB98D63F39}.AppStore|iPhone.ActiveCfg = Release|Any CPU
		{66352539-CBD1-4A27-8BD0-F6BB98D63F39}.AppStore|iPhone.Build.0 = Release|Any CPU
		{66352539-CBD1-4A27-8BD0-F6BB98D63F39}.AppStore|iPhone.Deploy.0 = Release|Any CPU
		{66352539-CBD1-4A27-8BD0-F6BB98D63F39}.AppStore|iPhoneSimulator.ActiveCfg = Release|Any CPU
		{66352539-CBD1-4A27-8BD0-F6BB98D63F39}.AppStore|iPhoneSimulator.Build.0 = Release|Any CPU
		{66352539-CBD1-4A27-8BD0-F6BB98D63F39}.AppStore|iPhoneSimulator.Deploy.0 = Release|Any CPU
		{66352539-CBD1-4A27-8BD0-F6BB98D63F39}.AppStore|x64.ActiveCfg = Release|x64
		{66352539-CBD1-4A27-8BD0-F6BB98D63F39}.AppStore|x64.Build.0 = Release|x64
		{66352539-CBD1-4A27-8BD0-F6BB98D63F39}.AppStore|x64.Deploy.0 = Release|x64
		{66352539-CBD1-4A27-8BD0-F6BB98D63F39}.AppStore|x86.ActiveCfg = Release|x86
		{66352539-CBD1-4A27-8BD0-F6BB98D63F39}.AppStore|x86.Build.0 = Release|x86
		{66352539-CBD1-4A27-8BD0-F6BB98D63F39}.AppStore|x86.Deploy.0 = Release|x86
		{66352539-CBD1-4A27-8BD0-F6BB98D63F39}.Debug|Any CPU.ActiveCfg = Debug|Any CPU
		{66352539-CBD1-4A27-8BD0-F6BB98D63F39}.Debug|Any CPU.Build.0 = Debug|Any CPU
		{66352539-CBD1-4A27-8BD0-F6BB98D63F39}.Debug|Any CPU.Deploy.0 = Debug|Any CPU
		{66352539-CBD1-4A27-8BD0-F6BB98D63F39}.Debug|ARM.ActiveCfg = Debug|ARM
		{66352539-CBD1-4A27-8BD0-F6BB98D63F39}.Debug|ARM.Build.0 = Debug|ARM
		{66352539-CBD1-4A27-8BD0-F6BB98D63F39}.Debug|ARM.Deploy.0 = Debug|ARM
		{66352539-CBD1-4A27-8BD0-F6BB98D63F39}.Debug|iPhone.ActiveCfg = Debug|Any CPU
		{66352539-CBD1-4A27-8BD0-F6BB98D63F39}.Debug|iPhone.Build.0 = Debug|Any CPU
		{66352539-CBD1-4A27-8BD0-F6BB98D63F39}.Debug|iPhone.Deploy.0 = Debug|Any CPU
		{66352539-CBD1-4A27-8BD0-F6BB98D63F39}.Debug|iPhoneSimulator.ActiveCfg = Debug|Any CPU
		{66352539-CBD1-4A27-8BD0-F6BB98D63F39}.Debug|iPhoneSimulator.Build.0 = Debug|Any CPU
		{66352539-CBD1-4A27-8BD0-F6BB98D63F39}.Debug|iPhoneSimulator.Deploy.0 = Debug|Any CPU
		{66352539-CBD1-4A27-8BD0-F6BB98D63F39}.Debug|x64.ActiveCfg = Debug|x64
		{66352539-CBD1-4A27-8BD0-F6BB98D63F39}.Debug|x64.Build.0 = Debug|x64
		{66352539-CBD1-4A27-8BD0-F6BB98D63F39}.Debug|x64.Deploy.0 = Debug|x64
		{66352539-CBD1-4A27-8BD0-F6BB98D63F39}.Debug|x86.ActiveCfg = Debug|x86
		{66352539-CBD1-4A27-8BD0-F6BB98D63F39}.Debug|x86.Build.0 = Debug|x86
		{66352539-CBD1-4A27-8BD0-F6BB98D63F39}.Debug|x86.Deploy.0 = Debug|x86
		{66352539-CBD1-4A27-8BD0-F6BB98D63F39}.Release|Any CPU.ActiveCfg = Release|Any CPU
		{66352539-CBD1-4A27-8BD0-F6BB98D63F39}.Release|Any CPU.Build.0 = Release|Any CPU
		{66352539-CBD1-4A27-8BD0-F6BB98D63F39}.Release|Any CPU.Deploy.0 = Release|Any CPU
		{66352539-CBD1-4A27-8BD0-F6BB98D63F39}.Release|ARM.ActiveCfg = Release|ARM
		{66352539-CBD1-4A27-8BD0-F6BB98D63F39}.Release|ARM.Build.0 = Release|ARM
		{66352539-CBD1-4A27-8BD0-F6BB98D63F39}.Release|ARM.Deploy.0 = Release|ARM
		{66352539-CBD1-4A27-8BD0-F6BB98D63F39}.Release|iPhone.ActiveCfg = Release|Any CPU
		{66352539-CBD1-4A27-8BD0-F6BB98D63F39}.Release|iPhone.Build.0 = Release|Any CPU
		{66352539-CBD1-4A27-8BD0-F6BB98D63F39}.Release|iPhone.Deploy.0 = Release|Any CPU
		{66352539-CBD1-4A27-8BD0-F6BB98D63F39}.Release|iPhoneSimulator.ActiveCfg = Release|Any CPU
		{66352539-CBD1-4A27-8BD0-F6BB98D63F39}.Release|iPhoneSimulator.Build.0 = Release|Any CPU
		{66352539-CBD1-4A27-8BD0-F6BB98D63F39}.Release|iPhoneSimulator.Deploy.0 = Release|Any CPU
		{66352539-CBD1-4A27-8BD0-F6BB98D63F39}.Release|x64.ActiveCfg = Release|x64
		{66352539-CBD1-4A27-8BD0-F6BB98D63F39}.Release|x64.Build.0 = Release|x64
		{66352539-CBD1-4A27-8BD0-F6BB98D63F39}.Release|x64.Deploy.0 = Release|x64
		{66352539-CBD1-4A27-8BD0-F6BB98D63F39}.Release|x86.ActiveCfg = Release|x86
		{66352539-CBD1-4A27-8BD0-F6BB98D63F39}.Release|x86.Build.0 = Release|x86
		{66352539-CBD1-4A27-8BD0-F6BB98D63F39}.Release|x86.Deploy.0 = Release|x86
		{74FB6E68-B786-45AE-8BA2-6200139B08C7}.Ad-Hoc|Any CPU.ActiveCfg = Release|Any CPU
		{74FB6E68-B786-45AE-8BA2-6200139B08C7}.Ad-Hoc|Any CPU.Build.0 = Release|Any CPU
		{74FB6E68-B786-45AE-8BA2-6200139B08C7}.Ad-Hoc|ARM.ActiveCfg = Release|Any CPU
		{74FB6E68-B786-45AE-8BA2-6200139B08C7}.Ad-Hoc|ARM.Build.0 = Release|Any CPU
		{74FB6E68-B786-45AE-8BA2-6200139B08C7}.Ad-Hoc|iPhone.ActiveCfg = Release|Any CPU
		{74FB6E68-B786-45AE-8BA2-6200139B08C7}.Ad-Hoc|iPhone.Build.0 = Release|Any CPU
		{74FB6E68-B786-45AE-8BA2-6200139B08C7}.Ad-Hoc|iPhoneSimulator.ActiveCfg = Release|Any CPU
		{74FB6E68-B786-45AE-8BA2-6200139B08C7}.Ad-Hoc|iPhoneSimulator.Build.0 = Release|Any CPU
		{74FB6E68-B786-45AE-8BA2-6200139B08C7}.Ad-Hoc|x64.ActiveCfg = Release|Any CPU
		{74FB6E68-B786-45AE-8BA2-6200139B08C7}.Ad-Hoc|x64.Build.0 = Release|Any CPU
		{74FB6E68-B786-45AE-8BA2-6200139B08C7}.Ad-Hoc|x86.ActiveCfg = Release|Any CPU
		{74FB6E68-B786-45AE-8BA2-6200139B08C7}.Ad-Hoc|x86.Build.0 = Release|Any CPU
		{74FB6E68-B786-45AE-8BA2-6200139B08C7}.AppStore|Any CPU.ActiveCfg = Release|Any CPU
		{74FB6E68-B786-45AE-8BA2-6200139B08C7}.AppStore|Any CPU.Build.0 = Release|Any CPU
		{74FB6E68-B786-45AE-8BA2-6200139B08C7}.AppStore|ARM.ActiveCfg = Release|Any CPU
		{74FB6E68-B786-45AE-8BA2-6200139B08C7}.AppStore|ARM.Build.0 = Release|Any CPU
		{74FB6E68-B786-45AE-8BA2-6200139B08C7}.AppStore|iPhone.ActiveCfg = Release|Any CPU
		{74FB6E68-B786-45AE-8BA2-6200139B08C7}.AppStore|iPhone.Build.0 = Release|Any CPU
		{74FB6E68-B786-45AE-8BA2-6200139B08C7}.AppStore|iPhoneSimulator.ActiveCfg = Release|Any CPU
		{74FB6E68-B786-45AE-8BA2-6200139B08C7}.AppStore|iPhoneSimulator.Build.0 = Release|Any CPU
		{74FB6E68-B786-45AE-8BA2-6200139B08C7}.AppStore|x64.ActiveCfg = Release|Any CPU
		{74FB6E68-B786-45AE-8BA2-6200139B08C7}.AppStore|x64.Build.0 = Release|Any CPU
		{74FB6E68-B786-45AE-8BA2-6200139B08C7}.AppStore|x86.ActiveCfg = Release|Any CPU
		{74FB6E68-B786-45AE-8BA2-6200139B08C7}.AppStore|x86.Build.0 = Release|Any CPU
		{74FB6E68-B786-45AE-8BA2-6200139B08C7}.Debug|Any CPU.ActiveCfg = Debug|Any CPU
		{74FB6E68-B786-45AE-8BA2-6200139B08C7}.Debug|Any CPU.Build.0 = Debug|Any CPU
		{74FB6E68-B786-45AE-8BA2-6200139B08C7}.Debug|ARM.ActiveCfg = Debug|Any CPU
		{74FB6E68-B786-45AE-8BA2-6200139B08C7}.Debug|ARM.Build.0 = Debug|Any CPU
		{74FB6E68-B786-45AE-8BA2-6200139B08C7}.Debug|iPhone.ActiveCfg = Debug|Any CPU
		{74FB6E68-B786-45AE-8BA2-6200139B08C7}.Debug|iPhone.Build.0 = Debug|Any CPU
		{74FB6E68-B786-45AE-8BA2-6200139B08C7}.Debug|iPhoneSimulator.ActiveCfg = Debug|Any CPU
		{74FB6E68-B786-45AE-8BA2-6200139B08C7}.Debug|iPhoneSimulator.Build.0 = Debug|Any CPU
		{74FB6E68-B786-45AE-8BA2-6200139B08C7}.Debug|x64.ActiveCfg = Debug|Any CPU
		{74FB6E68-B786-45AE-8BA2-6200139B08C7}.Debug|x64.Build.0 = Debug|Any CPU
		{74FB6E68-B786-45AE-8BA2-6200139B08C7}.Debug|x86.ActiveCfg = Debug|Any CPU
		{74FB6E68-B786-45AE-8BA2-6200139B08C7}.Debug|x86.Build.0 = Debug|Any CPU
		{74FB6E68-B786-45AE-8BA2-6200139B08C7}.Release|Any CPU.ActiveCfg = Release|Any CPU
		{74FB6E68-B786-45AE-8BA2-6200139B08C7}.Release|Any CPU.Build.0 = Release|Any CPU
		{74FB6E68-B786-45AE-8BA2-6200139B08C7}.Release|ARM.ActiveCfg = Release|Any CPU
		{74FB6E68-B786-45AE-8BA2-6200139B08C7}.Release|ARM.Build.0 = Release|Any CPU
		{74FB6E68-B786-45AE-8BA2-6200139B08C7}.Release|iPhone.ActiveCfg = Release|Any CPU
		{74FB6E68-B786-45AE-8BA2-6200139B08C7}.Release|iPhone.Build.0 = Release|Any CPU
		{74FB6E68-B786-45AE-8BA2-6200139B08C7}.Release|iPhoneSimulator.ActiveCfg = Release|Any CPU
		{74FB6E68-B786-45AE-8BA2-6200139B08C7}.Release|iPhoneSimulator.Build.0 = Release|Any CPU
		{74FB6E68-B786-45AE-8BA2-6200139B08C7}.Release|x64.ActiveCfg = Release|Any CPU
		{74FB6E68-B786-45AE-8BA2-6200139B08C7}.Release|x64.Build.0 = Release|Any CPU
		{74FB6E68-B786-45AE-8BA2-6200139B08C7}.Release|x86.ActiveCfg = Release|Any CPU
		{74FB6E68-B786-45AE-8BA2-6200139B08C7}.Release|x86.Build.0 = Release|Any CPU
	EndGlobalSection
	GlobalSection(SolutionProperties) = preSolution
		HideSolutionNode = FALSE
	EndGlobalSection
	GlobalSection(NestedProjects) = preSolution
		{0DCAA134-A3B8-458F-81BE-BF445ED17AC9} = {C8982E9B-358A-403D-BC97-9550067854D2}
		{3148C83A-E12E-44D8-A2E6-28E0CD4E6236} = {C8982E9B-358A-403D-BC97-9550067854D2}
		{2FD7163C-E828-4414-98C0-A566CE46D317} = {C8982E9B-358A-403D-BC97-9550067854D2}
		{66352539-CBD1-4A27-8BD0-F6BB98D63F39} = {C8982E9B-358A-403D-BC97-9550067854D2}
		{74FB6E68-B786-45AE-8BA2-6200139B08C7} = {F6C0E4F6-EC6F-4DA3-9425-9CD2A7ECBDD9}
	EndGlobalSection
EndGlobal
